
Microsoft Visual Studio Solution File, Format Version 12.00
# Visual Studio 15
VisualStudioVersion = 15.0.28307.106
MinimumVisualStudioVersion = 10.0.40219.1
Project("{FAE04EC0-301F-11D3-BF4B-00C04F79EFBC}") = "Model", "Model\Model.csproj", "{95AF0437-DD24-4E9E-A69E-EA857256976F}"
EndProject
Project("{FAE04EC0-301F-11D3-BF4B-00C04F79EFBC}") = "View", "View\View.csproj", "{9B6B06A7-828F-4063-BE38-2AFB4FD23011}"
EndProject
Global
	GlobalSection(SolutionConfigurationPlatforms) = preSolution
		Debug|Any CPU = Debug|Any CPU
		Release|Any CPU = Release|Any CPU
	EndGlobalSection
	GlobalSection(ProjectConfigurationPlatforms) = postSolution
		{95AF0437-DD24-4E9E-A69E-EA857256976F}.Debug|Any CPU.ActiveCfg = Debug|Any CPU
		{95AF0437-DD24-4E9E-A69E-EA857256976F}.Debug|Any CPU.Build.0 = Debug|Any CPU
		{95AF0437-DD24-4E9E-A69E-EA857256976F}.Release|Any CPU.ActiveCfg = Release|Any CPU
		{9B6B06A7-828F-4063-BE38-2AFB4FD23011}.Debug|Any CPU.ActiveCfg = Debug|Any CPU
		{9B6B06A7-828F-4063-BE38-2AFB4FD23011}.Debug|Any CPU.Build.0 = Debug|Any CPU
		{9B6B06A7-828F-4063-BE38-2AFB4FD23011}.Release|Any CPU.ActiveCfg = Release|Any CPU
		{9B6B06A7-828F-4063-BE38-2AFB4FD23011}.Release|Any CPU.Build.0 = Release|Any CPU
	EndGlobalSection
	GlobalSection(SolutionProperties) = preSolution
		HideSolutionNode = FALSE
	EndGlobalSection
	GlobalSection(ExtensibilityGlobals) = postSolution
		SolutionGuid = {2952E85E-AE8D-49FA-B044-F0E03895C57C}
	EndGlobalSection
EndGlobal
